
Microsoft Visual Studio Solution File, Format Version 12.00
# Visual Studio Version 17
VisualStudioVersion = 17.7.34024.191
MinimumVisualStudioVersion = 10.0.40219.1
Project("{FAE04EC0-301F-11D3-BF4B-00C04F79EFBC}") = "passwordChecker", "passwordChecker.csproj", "{584A8F8B-882C-47E4-A043-57750D45E6D3}"
EndProject
Global
	GlobalSection(SolutionConfigurationPlatforms) = preSolution
		Debug|Any CPU = Debug|Any CPU
		Release|Any CPU = Release|Any CPU
	EndGlobalSection
	GlobalSection(ProjectConfigurationPlatforms) = postSolution
		{584A8F8B-882C-47E4-A043-57750D45E6D3}.Debug|Any CPU.ActiveCfg = Debug|Any CPU
		{584A8F8B-882C-47E4-A043-57750D45E6D3}.Debug|Any CPU.Build.0 = Debug|Any CPU
		{584A8F8B-882C-47E4-A043-57750D45E6D3}.Release|Any CPU.ActiveCfg = Release|Any CPU
		{584A8F8B-882C-47E4-A043-57750D45E6D3}.Release|Any CPU.Build.0 = Release|Any CPU
	EndGlobalSection
	GlobalSection(SolutionProperties) = preSolution
		HideSolutionNode = FALSE
	EndGlobalSection
	GlobalSection(ExtensibilityGlobals) = postSolution
		SolutionGuid = {09FF7927-A4B9-4415-AED0-899970046E05}
	EndGlobalSection
EndGlobal
